
Microsoft Visual Studio Solution File, Format Version 12.00
# Visual Studio Version 17
VisualStudioVersion = 17.0.31903.59
MinimumVisualStudioVersion = 10.0.40219.1
Project("{2150E333-8FDC-42A3-9474-1A3956D46DE8}") = "src", "src", "{8AD4C9F5-2E66-4F6C-8FEA-7A53C5DC55A3}"
EndProject
Project("{FAE04EC0-301F-11D3-BF4B-00C04F79EFBC}") = "RPGCharacterManager.Shared", "src\RPGCharacterManager.Shared\RPGCharacterManager.Shared.csproj", "{572EDC8D-266F-4DA3-9394-120A57F8A879}"
EndProject
Project("{FAE04EC0-301F-11D3-BF4B-00C04F79EFBC}") = "RPGCharacterManager.Core", "src\RPGCharacterManager.Core\RPGCharacterManager.Core.csproj", "{A4219D32-A2CF-417F-8268-B08EBDCF9910}"
EndProject
Project("{FAE04EC0-301F-11D3-BF4B-00C04F79EFBC}") = "RPGCharacterManager.Infrastructure", "src\RPGCharacterManager.Infrastructure\RPGCharacterManager.Infrastructure.csproj", "{8B615A1A-0AA5-4DD4-A847-25767B21D695}"
EndProject
Project("{FAE04EC0-301F-11D3-BF4B-00C04F79EFBC}") = "RPGCharacterManager.Database", "src\RPGCharacterManager.Database\RPGCharacterManager.Database.csproj", "{9B74F2DF-A4C9-40A0-BCDA-A39C8A555222}"
EndProject
Project("{FAE04EC0-301F-11D3-BF4B-00C04F79EFBC}") = "RPGCharacterManager.UI", "src\RPGCharacterManager.UI\RPGCharacterManager.UI.csproj", "{0A25AA77-BD98-4D8A-9586-5015BAEC2BDC}"
EndProject
Project("{FAE04EC0-301F-11D3-BF4B-00C04F79EFBC}") = "RPGCharacterManager.App", "src\RPGCharacterManager.App\RPGCharacterManager.App.csproj", "{884D5BCB-8095-4FB6-B15E-9DF2D22F6A01}"
EndProject
Project("{2150E333-8FDC-42A3-9474-1A3956D46DE8}") = "tests", "tests", "{4D314F11-BFAE-4097-8716-77BF0C551EBD}"
EndProject
Project("{FAE04EC0-301F-11D3-BF4B-00C04F79EFBC}") = "RPGCharacterManager.Tests", "tests\RPGCharacterManager.Tests\RPGCharacterManager.Tests.csproj", "{22C9CD3B-93D8-44FC-B617-E523B413A7EE}"
EndProject
Project("{FAE04EC0-301F-11D3-BF4B-00C04F79EFBC}") = "RPGCharacterManager.Engine", "src\RPGCharacterManager.Engine\RPGCharacterManager.Engine.csproj", "{B1769E94-83C7-4ED5-988B-003371CDA45E}"
EndProject
Project("{FAE04EC0-301F-11D3-BF4B-00C04F79EFBC}") = "RPGCharacterManager.GameRules", "src\RPGCharacterManager.GameRules\RPGCharacterManager.GameRules.csproj", "{01284275-8F1B-4EBE-B874-A1ADE863782A}"
EndProject
Project("{FAE04EC0-301F-11D3-BF4B-00C04F79EFBC}") = "RPGCharacterManager.Content", "src\RPGCharacterManager.Content\RPGCharacterManager.Content.csproj", "{91A61559-4076-4890-9058-8168FD5CC1C7}"
EndProject
Project("{FAE04EC0-301F-11D3-BF4B-00C04F79EFBC}") = "RPGCharacterManager.Characters", "src\RPGCharacterManager.Characters\RPGCharacterManager.Characters.csproj", "{FD06D283-5D0A-4049-BCFE-1B9E3CCD1110}"
EndProject
Project("{FAE04EC0-301F-11D3-BF4B-00C04F79EFBC}") = "RPGCharacterManager.Items", "src\RPGCharacterManager.Items\RPGCharacterManager.Items.csproj", "{B7D036AB-7514-4BC0-B321-0CB5F0ABBDEA}"
EndProject
Project("{FAE04EC0-301F-11D3-BF4B-00C04F79EFBC}") = "RPGCharacterManager.Dice", "src\RPGCharacterManager.Dice\RPGCharacterManager.Dice.csproj", "{6C1E5A94-4E5B-4C1D-9E7A-3F0B2D8A61C4}"
EndProject
Project("{FAE04EC0-301F-11D3-BF4B-00C04F79EFBC}") = "RPGCharacterManager.History", "src\RPGCharacterManager.History\RPGCharacterManager.History.csproj", "{2E7B9A63-5D14-4A8F-B0C6-7E45F1C9D830}"
EndProject
Project("{FAE04EC0-301F-11D3-BF4B-00C04F79EFBC}") = "RPGCharacterManager.Ai", "src\RPGCharacterManager.Ai\RPGCharacterManager.Ai.csproj", "{3A5C7E12-9B4D-46F8-A0E3-5D91C7B4F208}"
EndProject
Project("{FAE04EC0-301F-11D3-BF4B-00C04F79EFBC}") = "RPGCharacterManager.Import", "src\RPGCharacterManager.Import\RPGCharacterManager.Import.csproj", "{7C93B4A0-1D6E-4F52-9A8B-2E0C5D7A3F19}"
EndProject
Project("{FAE04EC0-301F-11D3-BF4B-00C04F79EFBC}") = "RPGCharacterManager.Campaigns", "src\RPGCharacterManager.Campaigns\RPGCharacterManager.Campaigns.csproj", "{5F82D1C7-6B3A-4E90-8D24-C1A7E93B4062}"
EndProject
Project("{FAE04EC0-301F-11D3-BF4B-00C04F79EFBC}") = "RPGCharacterManager.Master", "src\RPGCharacterManager.Master\RPGCharacterManager.Master.csproj", "{9B4D2F81-7A35-4C60-B8E2-6D14F0A9C573}"
EndProject
Project("{FAE04EC0-301F-11D3-BF4B-00C04F79EFBC}") = "RPGCharacterManager.Layouts", "src\RPGCharacterManager.Layouts\RPGCharacterManager.Layouts.csproj", "{4C8E1B36-9D72-4A05-BE31-7F26A0D4C918}"
EndProject
Project("{FAE04EC0-301F-11D3-BF4B-00C04F79EFBC}") = "RPGCharacterManager.Search", "src\RPGCharacterManager.Search\RPGCharacterManager.Search.csproj", "{2D6F8A14-3B57-4E29-9C80-5A1E7B0D4F63}"
EndProject
Project("{FAE04EC0-301F-11D3-BF4B-00C04F79EFBC}") = "RPGCharacterManager.Macros", "src\RPGCharacterManager.Macros\RPGCharacterManager.Macros.csproj", "{8E37C205-4F19-4B6A-A72D-C3915D8E0472}"
EndProject
Project("{FAE04EC0-301F-11D3-BF4B-00C04F79EFBC}") = "RPGCharacterManager.Statistics", "src\RPGCharacterManager.Statistics\RPGCharacterManager.Statistics.csproj", "{6F0B93AE-5C81-4D27-9A34-E71B2C08D465}"
EndProject
Project("{FAE04EC0-301F-11D3-BF4B-00C04F79EFBC}") = "RPGCharacterManager.Extensions", "src\RPGCharacterManager.Extensions\RPGCharacterManager.Extensions.csproj", "{1A9C47D0-8B36-4E52-BC71-3D0F5A62E984}"
EndProject
Global
	GlobalSection(SolutionConfigurationPlatforms) = preSolution
		Debug|Any CPU = Debug|Any CPU
		Release|Any CPU = Release|Any CPU
	EndGlobalSection
	GlobalSection(SolutionProperties) = preSolution
		HideSolutionNode = FALSE
	EndGlobalSection
	GlobalSection(ProjectConfigurationPlatforms) = postSolution
		{572EDC8D-266F-4DA3-9394-120A57F8A879}.Debug|Any CPU.ActiveCfg = Debug|Any CPU
		{572EDC8D-266F-4DA3-9394-120A57F8A879}.Debug|Any CPU.Build.0 = Debug|Any CPU
		{572EDC8D-266F-4DA3-9394-120A57F8A879}.Release|Any CPU.ActiveCfg = Release|Any CPU
		{572EDC8D-266F-4DA3-9394-120A57F8A879}.Release|Any CPU.Build.0 = Release|Any CPU
		{A4219D32-A2CF-417F-8268-B08EBDCF9910}.Debug|Any CPU.ActiveCfg = Debug|Any CPU
		{A4219D32-A2CF-417F-8268-B08EBDCF9910}.Debug|Any CPU.Build.0 = Debug|Any CPU
		{A4219D32-A2CF-417F-8268-B08EBDCF9910}.Release|Any CPU.ActiveCfg = Release|Any CPU
		{A4219D32-A2CF-417F-8268-B08EBDCF9910}.Release|Any CPU.Build.0 = Release|Any CPU
		{8B615A1A-0AA5-4DD4-A847-25767B21D695}.Debug|Any CPU.ActiveCfg = Debug|Any CPU
		{8B615A1A-0AA5-4DD4-A847-25767B21D695}.Debug|Any CPU.Build.0 = Debug|Any CPU
		{8B615A1A-0AA5-4DD4-A847-25767B21D695}.Release|Any CPU.ActiveCfg = Release|Any CPU
		{8B615A1A-0AA5-4DD4-A847-25767B21D695}.Release|Any CPU.Build.0 = Release|Any CPU
		{9B74F2DF-A4C9-40A0-BCDA-A39C8A555222}.Debug|Any CPU.ActiveCfg = Debug|Any CPU
		{9B74F2DF-A4C9-40A0-BCDA-A39C8A555222}.Debug|Any CPU.Build.0 = Debug|Any CPU
		{9B74F2DF-A4C9-40A0-BCDA-A39C8A555222}.Release|Any CPU.ActiveCfg = Release|Any CPU
		{9B74F2DF-A4C9-40A0-BCDA-A39C8A555222}.Release|Any CPU.Build.0 = Release|Any CPU
		{0A25AA77-BD98-4D8A-9586-5015BAEC2BDC}.Debug|Any CPU.ActiveCfg = Debug|Any CPU
		{0A25AA77-BD98-4D8A-9586-5015BAEC2BDC}.Debug|Any CPU.Build.0 = Debug|Any CPU
		{0A25AA77-BD98-4D8A-9586-5015BAEC2BDC}.Release|Any CPU.ActiveCfg = Release|Any CPU
		{0A25AA77-BD98-4D8A-9586-5015BAEC2BDC}.Release|Any CPU.Build.0 = Release|Any CPU
		{884D5BCB-8095-4FB6-B15E-9DF2D22F6A01}.Debug|Any CPU.ActiveCfg = Debug|Any CPU
		{884D5BCB-8095-4FB6-B15E-9DF2D22F6A01}.Debug|Any CPU.Build.0 = Debug|Any CPU
		{884D5BCB-8095-4FB6-B15E-9DF2D22F6A01}.Release|Any CPU.ActiveCfg = Release|Any CPU
		{884D5BCB-8095-4FB6-B15E-9DF2D22F6A01}.Release|Any CPU.Build.0 = Release|Any CPU
		{22C9CD3B-93D8-44FC-B617-E523B413A7EE}.Debug|Any CPU.ActiveCfg = Debug|Any CPU
		{22C9CD3B-93D8-44FC-B617-E523B413A7EE}.Debug|Any CPU.Build.0 = Debug|Any CPU
		{22C9CD3B-93D8-44FC-B617-E523B413A7EE}.Release|Any CPU.ActiveCfg = Release|Any CPU
		{22C9CD3B-93D8-44FC-B617-E523B413A7EE}.Release|Any CPU.Build.0 = Release|Any CPU
		{B1769E94-83C7-4ED5-988B-003371CDA45E}.Debug|Any CPU.ActiveCfg = Debug|Any CPU
		{B1769E94-83C7-4ED5-988B-003371CDA45E}.Debug|Any CPU.Build.0 = Debug|Any CPU
		{B1769E94-83C7-4ED5-988B-003371CDA45E}.Release|Any CPU.ActiveCfg = Release|Any CPU
		{B1769E94-83C7-4ED5-988B-003371CDA45E}.Release|Any CPU.Build.0 = Release|Any CPU
		{01284275-8F1B-4EBE-B874-A1ADE863782A}.Debug|Any CPU.ActiveCfg = Debug|Any CPU
		{01284275-8F1B-4EBE-B874-A1ADE863782A}.Debug|Any CPU.Build.0 = Debug|Any CPU
		{01284275-8F1B-4EBE-B874-A1ADE863782A}.Release|Any CPU.ActiveCfg = Release|Any CPU
		{01284275-8F1B-4EBE-B874-A1ADE863782A}.Release|Any CPU.Build.0 = Release|Any CPU
		{91A61559-4076-4890-9058-8168FD5CC1C7}.Debug|Any CPU.ActiveCfg = Debug|Any CPU
		{91A61559-4076-4890-9058-8168FD5CC1C7}.Debug|Any CPU.Build.0 = Debug|Any CPU
		{91A61559-4076-4890-9058-8168FD5CC1C7}.Release|Any CPU.ActiveCfg = Release|Any CPU
		{91A61559-4076-4890-9058-8168FD5CC1C7}.Release|Any CPU.Build.0 = Release|Any CPU
		{FD06D283-5D0A-4049-BCFE-1B9E3CCD1110}.Debug|Any CPU.ActiveCfg = Debug|Any CPU
		{FD06D283-5D0A-4049-BCFE-1B9E3CCD1110}.Debug|Any CPU.Build.0 = Debug|Any CPU
		{FD06D283-5D0A-4049-BCFE-1B9E3CCD1110}.Release|Any CPU.ActiveCfg = Release|Any CPU
		{FD06D283-5D0A-4049-BCFE-1B9E3CCD1110}.Release|Any CPU.Build.0 = Release|Any CPU
		{B7D036AB-7514-4BC0-B321-0CB5F0ABBDEA}.Debug|Any CPU.ActiveCfg = Debug|Any CPU
		{B7D036AB-7514-4BC0-B321-0CB5F0ABBDEA}.Debug|Any CPU.Build.0 = Debug|Any CPU
		{B7D036AB-7514-4BC0-B321-0CB5F0ABBDEA}.Release|Any CPU.ActiveCfg = Release|Any CPU
		{B7D036AB-7514-4BC0-B321-0CB5F0ABBDEA}.Release|Any CPU.Build.0 = Release|Any CPU
		{6C1E5A94-4E5B-4C1D-9E7A-3F0B2D8A61C4}.Debug|Any CPU.ActiveCfg = Debug|Any CPU
		{6C1E5A94-4E5B-4C1D-9E7A-3F0B2D8A61C4}.Debug|Any CPU.Build.0 = Debug|Any CPU
		{6C1E5A94-4E5B-4C1D-9E7A-3F0B2D8A61C4}.Release|Any CPU.ActiveCfg = Release|Any CPU
		{6C1E5A94-4E5B-4C1D-9E7A-3F0B2D8A61C4}.Release|Any CPU.Build.0 = Release|Any CPU
		{2E7B9A63-5D14-4A8F-B0C6-7E45F1C9D830}.Debug|Any CPU.ActiveCfg = Debug|Any CPU
		{2E7B9A63-5D14-4A8F-B0C6-7E45F1C9D830}.Debug|Any CPU.Build.0 = Debug|Any CPU
		{2E7B9A63-5D14-4A8F-B0C6-7E45F1C9D830}.Release|Any CPU.ActiveCfg = Release|Any CPU
		{2E7B9A63-5D14-4A8F-B0C6-7E45F1C9D830}.Release|Any CPU.Build.0 = Release|Any CPU
		{3A5C7E12-9B4D-46F8-A0E3-5D91C7B4F208}.Debug|Any CPU.ActiveCfg = Debug|Any CPU
		{3A5C7E12-9B4D-46F8-A0E3-5D91C7B4F208}.Debug|Any CPU.Build.0 = Debug|Any CPU
		{3A5C7E12-9B4D-46F8-A0E3-5D91C7B4F208}.Release|Any CPU.ActiveCfg = Release|Any CPU
		{3A5C7E12-9B4D-46F8-A0E3-5D91C7B4F208}.Release|Any CPU.Build.0 = Release|Any CPU
		{7C93B4A0-1D6E-4F52-9A8B-2E0C5D7A3F19}.Debug|Any CPU.ActiveCfg = Debug|Any CPU
		{7C93B4A0-1D6E-4F52-9A8B-2E0C5D7A3F19}.Debug|Any CPU.Build.0 = Debug|Any CPU
		{7C93B4A0-1D6E-4F52-9A8B-2E0C5D7A3F19}.Release|Any CPU.ActiveCfg = Release|Any CPU
		{7C93B4A0-1D6E-4F52-9A8B-2E0C5D7A3F19}.Release|Any CPU.Build.0 = Release|Any CPU
		{5F82D1C7-6B3A-4E90-8D24-C1A7E93B4062}.Debug|Any CPU.ActiveCfg = Debug|Any CPU
		{5F82D1C7-6B3A-4E90-8D24-C1A7E93B4062}.Debug|Any CPU.Build.0 = Debug|Any CPU
		{5F82D1C7-6B3A-4E90-8D24-C1A7E93B4062}.Release|Any CPU.ActiveCfg = Release|Any CPU
		{5F82D1C7-6B3A-4E90-8D24-C1A7E93B4062}.Release|Any CPU.Build.0 = Release|Any CPU
		{9B4D2F81-7A35-4C60-B8E2-6D14F0A9C573}.Debug|Any CPU.ActiveCfg = Debug|Any CPU
		{9B4D2F81-7A35-4C60-B8E2-6D14F0A9C573}.Debug|Any CPU.Build.0 = Debug|Any CPU
		{9B4D2F81-7A35-4C60-B8E2-6D14F0A9C573}.Release|Any CPU.ActiveCfg = Release|Any CPU
		{9B4D2F81-7A35-4C60-B8E2-6D14F0A9C573}.Release|Any CPU.Build.0 = Release|Any CPU
		{4C8E1B36-9D72-4A05-BE31-7F26A0D4C918}.Debug|Any CPU.ActiveCfg = Debug|Any CPU
		{4C8E1B36-9D72-4A05-BE31-7F26A0D4C918}.Debug|Any CPU.Build.0 = Debug|Any CPU
		{4C8E1B36-9D72-4A05-BE31-7F26A0D4C918}.Release|Any CPU.ActiveCfg = Release|Any CPU
		{4C8E1B36-9D72-4A05-BE31-7F26A0D4C918}.Release|Any CPU.Build.0 = Release|Any CPU
		{2D6F8A14-3B57-4E29-9C80-5A1E7B0D4F63}.Debug|Any CPU.ActiveCfg = Debug|Any CPU
		{2D6F8A14-3B57-4E29-9C80-5A1E7B0D4F63}.Debug|Any CPU.Build.0 = Debug|Any CPU
		{2D6F8A14-3B57-4E29-9C80-5A1E7B0D4F63}.Release|Any CPU.ActiveCfg = Release|Any CPU
		{2D6F8A14-3B57-4E29-9C80-5A1E7B0D4F63}.Release|Any CPU.Build.0 = Release|Any CPU
		{8E37C205-4F19-4B6A-A72D-C3915D8E0472}.Debug|Any CPU.ActiveCfg = Debug|Any CPU
		{8E37C205-4F19-4B6A-A72D-C3915D8E0472}.Debug|Any CPU.Build.0 = Debug|Any CPU
		{8E37C205-4F19-4B6A-A72D-C3915D8E0472}.Release|Any CPU.ActiveCfg = Release|Any CPU
		{8E37C205-4F19-4B6A-A72D-C3915D8E0472}.Release|Any CPU.Build.0 = Release|Any CPU
		{6F0B93AE-5C81-4D27-9A34-E71B2C08D465}.Debug|Any CPU.ActiveCfg = Debug|Any CPU
		{6F0B93AE-5C81-4D27-9A34-E71B2C08D465}.Debug|Any CPU.Build.0 = Debug|Any CPU
		{6F0B93AE-5C81-4D27-9A34-E71B2C08D465}.Release|Any CPU.ActiveCfg = Release|Any CPU
		{6F0B93AE-5C81-4D27-9A34-E71B2C08D465}.Release|Any CPU.Build.0 = Release|Any CPU
		{1A9C47D0-8B36-4E52-BC71-3D0F5A62E984}.Debug|Any CPU.ActiveCfg = Debug|Any CPU
		{1A9C47D0-8B36-4E52-BC71-3D0F5A62E984}.Debug|Any CPU.Build.0 = Debug|Any CPU
		{1A9C47D0-8B36-4E52-BC71-3D0F5A62E984}.Release|Any CPU.ActiveCfg = Release|Any CPU
		{1A9C47D0-8B36-4E52-BC71-3D0F5A62E984}.Release|Any CPU.Build.0 = Release|Any CPU
	EndGlobalSection
	GlobalSection(NestedProjects) = preSolution
		{572EDC8D-266F-4DA3-9394-120A57F8A879} = {8AD4C9F5-2E66-4F6C-8FEA-7A53C5DC55A3}
		{A4219D32-A2CF-417F-8268-B08EBDCF9910} = {8AD4C9F5-2E66-4F6C-8FEA-7A53C5DC55A3}
		{8B615A1A-0AA5-4DD4-A847-25767B21D695} = {8AD4C9F5-2E66-4F6C-8FEA-7A53C5DC55A3}
		{9B74F2DF-A4C9-40A0-BCDA-A39C8A555222} = {8AD4C9F5-2E66-4F6C-8FEA-7A53C5DC55A3}
		{0A25AA77-BD98-4D8A-9586-5015BAEC2BDC} = {8AD4C9F5-2E66-4F6C-8FEA-7A53C5DC55A3}
		{884D5BCB-8095-4FB6-B15E-9DF2D22F6A01} = {8AD4C9F5-2E66-4F6C-8FEA-7A53C5DC55A3}
		{22C9CD3B-93D8-44FC-B617-E523B413A7EE} = {4D314F11-BFAE-4097-8716-77BF0C551EBD}
		{B1769E94-83C7-4ED5-988B-003371CDA45E} = {8AD4C9F5-2E66-4F6C-8FEA-7A53C5DC55A3}
		{01284275-8F1B-4EBE-B874-A1ADE863782A} = {8AD4C9F5-2E66-4F6C-8FEA-7A53C5DC55A3}
		{91A61559-4076-4890-9058-8168FD5CC1C7} = {8AD4C9F5-2E66-4F6C-8FEA-7A53C5DC55A3}
		{FD06D283-5D0A-4049-BCFE-1B9E3CCD1110} = {8AD4C9F5-2E66-4F6C-8FEA-7A53C5DC55A3}
		{B7D036AB-7514-4BC0-B321-0CB5F0ABBDEA} = {8AD4C9F5-2E66-4F6C-8FEA-7A53C5DC55A3}
		{6C1E5A94-4E5B-4C1D-9E7A-3F0B2D8A61C4} = {8AD4C9F5-2E66-4F6C-8FEA-7A53C5DC55A3}
		{2E7B9A63-5D14-4A8F-B0C6-7E45F1C9D830} = {8AD4C9F5-2E66-4F6C-8FEA-7A53C5DC55A3}
		{3A5C7E12-9B4D-46F8-A0E3-5D91C7B4F208} = {8AD4C9F5-2E66-4F6C-8FEA-7A53C5DC55A3}
		{7C93B4A0-1D6E-4F52-9A8B-2E0C5D7A3F19} = {8AD4C9F5-2E66-4F6C-8FEA-7A53C5DC55A3}
		{5F82D1C7-6B3A-4E90-8D24-C1A7E93B4062} = {8AD4C9F5-2E66-4F6C-8FEA-7A53C5DC55A3}
		{9B4D2F81-7A35-4C60-B8E2-6D14F0A9C573} = {8AD4C9F5-2E66-4F6C-8FEA-7A53C5DC55A3}
		{4C8E1B36-9D72-4A05-BE31-7F26A0D4C918} = {8AD4C9F5-2E66-4F6C-8FEA-7A53C5DC55A3}
		{2D6F8A14-3B57-4E29-9C80-5A1E7B0D4F63} = {8AD4C9F5-2E66-4F6C-8FEA-7A53C5DC55A3}
		{8E37C205-4F19-4B6A-A72D-C3915D8E0472} = {8AD4C9F5-2E66-4F6C-8FEA-7A53C5DC55A3}
		{6F0B93AE-5C81-4D27-9A34-E71B2C08D465} = {8AD4C9F5-2E66-4F6C-8FEA-7A53C5DC55A3}
		{1A9C47D0-8B36-4E52-BC71-3D0F5A62E984} = {8AD4C9F5-2E66-4F6C-8FEA-7A53C5DC55A3}
	EndGlobalSection
EndGlobal
